// !$*UTF8*$!
{
	archiveVersion = 1;
	classes = {
	};
	objectVersion = 50;
	objects = {

/* Begin PBXBuildFile section */
		1F66B5D1243B8CA1009F354C /* FixedWidthInteger+Bytes.swift in Sources */ = {isa = PBXBuildFile; fileRef = 1F66B5C4243B8CA1009F354C /* FixedWidthInteger+Bytes.swift */; };
		1F66B5D2243B8CA1009F354C /* UnkeyedEncodingContainer.swift in Sources */ = {isa = PBXBuildFile; fileRef = 1F66B5C6243B8CA1009F354C /* UnkeyedEncodingContainer.swift */; };
		1F66B5D3243B8CA1009F354C /* SingleValueEncodingContainer.swift in Sources */ = {isa = PBXBuildFile; fileRef = 1F66B5C7243B8CA1009F354C /* SingleValueEncodingContainer.swift */; };
		1F66B5D4243B8CA1009F354C /* KeyedEncodingContainer.swift in Sources */ = {isa = PBXBuildFile; fileRef = 1F66B5C8243B8CA1009F354C /* KeyedEncodingContainer.swift */; };
		1F66B5D5243B8CA1009F354C /* MessagePackEncoder.swift in Sources */ = {isa = PBXBuildFile; fileRef = 1F66B5C9243B8CA1009F354C /* MessagePackEncoder.swift */; };
		1F66B5D6243B8CA1009F354C /* KeyedDecodingContainer.swift in Sources */ = {isa = PBXBuildFile; fileRef = 1F66B5CB243B8CA1009F354C /* KeyedDecodingContainer.swift */; };
		1F66B5D7243B8CA1009F354C /* SingleValueDecodingContainer.swift in Sources */ = {isa = PBXBuildFile; fileRef = 1F66B5CC243B8CA1009F354C /* SingleValueDecodingContainer.swift */; };
		1F66B5D8243B8CA1009F354C /* MessagePackDecoder.swift in Sources */ = {isa = PBXBuildFile; fileRef = 1F66B5CD243B8CA1009F354C /* MessagePackDecoder.swift */; };
		1F66B5D9243B8CA1009F354C /* UnkeyedDecodingContainer.swift in Sources */ = {isa = PBXBuildFile; fileRef = 1F66B5CE243B8CA1009F354C /* UnkeyedDecodingContainer.swift */; };
		1F66B5DA243B8CA1009F354C /* Box.swift in Sources */ = {isa = PBXBuildFile; fileRef = 1F66B5CF243B8CA1009F354C /* Box.swift */; };
		1F66B5DB243B8CA1009F354C /* AnyCodingKey.swift in Sources */ = {isa = PBXBuildFile; fileRef = 1F66B5D0243B8CA1009F354C /* AnyCodingKey.swift */; };
		1F66B5DE243C7FAE009F354C /* TestClass.m in Sources */ = {isa = PBXBuildFile; fileRef = 1F66B5DD243C7FAE009F354C /* TestClass.m */; };
		1FD445072435FEAA008CE0B9 /* AppDelegate.m in Sources */ = {isa = PBXBuildFile; fileRef = 1FD445062435FEAA008CE0B9 /* AppDelegate.m */; };
		1FD445092435FEAC008CE0B9 /* Assets.xcassets in Resources */ = {isa = PBXBuildFile; fileRef = 1FD445082435FEAC008CE0B9 /* Assets.xcassets */; };
		1FD4450C2435FEAC008CE0B9 /* MainMenu.xib in Resources */ = {isa = PBXBuildFile; fileRef = 1FD4450A2435FEAC008CE0B9 /* MainMenu.xib */; };
		1FD4450F2435FEAC008CE0B9 /* main.m in Sources */ = {isa = PBXBuildFile; fileRef = 1FD4450E2435FEAC008CE0B9 /* main.m */; };
		1FD445142435FF53008CE0B9 /* MPWFoundation.framework in Frameworks */ = {isa = PBXBuildFile; fileRef = 1FFA1925214C133E00571663 /* MPWFoundation.framework */; };
		1FD445152435FF53008CE0B9 /* MPWFoundation.framework in Embed Frameworks */ = {isa = PBXBuildFile; fileRef = 1FFA1925214C133E00571663 /* MPWFoundation.framework */; settings = {ATTRIBUTES = (CodeSignOnCopy, RemoveHeadersOnCopy, ); }; };
		1FFA190E214C10A100571663 /* AppDelegate.swift in Sources */ = {isa = PBXBuildFile; fileRef = 1FFA190D214C10A100571663 /* AppDelegate.swift */; };
		1FFA1910214C10A100571663 /* ViewController.swift in Sources */ = {isa = PBXBuildFile; fileRef = 1FFA190F214C10A100571663 /* ViewController.swift */; };
		1FFA1912214C10A300571663 /* Assets.xcassets in Resources */ = {isa = PBXBuildFile; fileRef = 1FFA1911214C10A300571663 /* Assets.xcassets */; };
		1FFA1915214C10A300571663 /* Main.storyboard in Resources */ = {isa = PBXBuildFile; fileRef = 1FFA1913214C10A300571663 /* Main.storyboard */; };
		1FFA1926214C133E00571663 /* MPWFoundation.framework in Frameworks */ = {isa = PBXBuildFile; fileRef = 1FFA1925214C133E00571663 /* MPWFoundation.framework */; };
		1FFA192A214C16A900571663 /* TestClass.swift in Sources */ = {isa = PBXBuildFile; fileRef = 1FFA1929214C16A900571663 /* TestClass.swift */; };
/* End PBXBuildFile section */

/* Begin PBXCopyFilesBuildPhase section */
		1FD445162435FF53008CE0B9 /* Embed Frameworks */ = {
			isa = PBXCopyFilesBuildPhase;
			buildActionMask = 2147483647;
			dstPath = "";
			dstSubfolderSpec = 10;
			files = (
				1FD445152435FF53008CE0B9 /* MPWFoundation.framework in Embed Frameworks */,
			);
			name = "Embed Frameworks";
			runOnlyForDeploymentPostprocessing = 0;
		};
/* End PBXCopyFilesBuildPhase section */

/* Begin PBXFileReference section */
		1F66B5C4243B8CA1009F354C /* FixedWidthInteger+Bytes.swift */ = {isa = PBXFileReference; fileEncoding = 4; lastKnownFileType = sourcecode.swift; path = "FixedWidthInteger+Bytes.swift"; sourceTree = "<group>"; };
		1F66B5C6243B8CA1009F354C /* UnkeyedEncodingContainer.swift */ = {isa = PBXFileReference; fileEncoding = 4; lastKnownFileType = sourcecode.swift; path = UnkeyedEncodingContainer.swift; sourceTree = "<group>"; };
		1F66B5C7243B8CA1009F354C /* SingleValueEncodingContainer.swift */ = {isa = PBXFileReference; fileEncoding = 4; lastKnownFileType = sourcecode.swift; path = SingleValueEncodingContainer.swift; sourceTree = "<group>"; };
		1F66B5C8243B8CA1009F354C /* KeyedEncodingContainer.swift */ = {isa = PBXFileReference; fileEncoding = 4; lastKnownFileType = sourcecode.swift; path = KeyedEncodingContainer.swift; sourceTree = "<group>"; };
		1F66B5C9243B8CA1009F354C /* MessagePackEncoder.swift */ = {isa = PBXFileReference; fileEncoding = 4; lastKnownFileType = sourcecode.swift; path = MessagePackEncoder.swift; sourceTree = "<group>"; };
		1F66B5CB243B8CA1009F354C /* KeyedDecodingContainer.swift */ = {isa = PBXFileReference; fileEncoding = 4; lastKnownFileType = sourcecode.swift; path = KeyedDecodingContainer.swift; sourceTree = "<group>"; };
		1F66B5CC243B8CA1009F354C /* SingleValueDecodingContainer.swift */ = {isa = PBXFileReference; fileEncoding = 4; lastKnownFileType = sourcecode.swift; path = SingleValueDecodingContainer.swift; sourceTree = "<group>"; };
		1F66B5CD243B8CA1009F354C /* MessagePackDecoder.swift */ = {isa = PBXFileReference; fileEncoding = 4; lastKnownFileType = sourcecode.swift; path = MessagePackDecoder.swift; sourceTree = "<group>"; };
		1F66B5CE243B8CA1009F354C /* UnkeyedDecodingContainer.swift */ = {isa = PBXFileReference; fileEncoding = 4; lastKnownFileType = sourcecode.swift; path = UnkeyedDecodingContainer.swift; sourceTree = "<group>"; };
		1F66B5CF243B8CA1009F354C /* Box.swift */ = {isa = PBXFileReference; fileEncoding = 4; lastKnownFileType = sourcecode.swift; path = Box.swift; sourceTree = "<group>"; };
		1F66B5D0243B8CA1009F354C /* AnyCodingKey.swift */ = {isa = PBXFileReference; fileEncoding = 4; lastKnownFileType = sourcecode.swift; path = AnyCodingKey.swift; sourceTree = "<group>"; };
		1F66B5DC243C7FAE009F354C /* TestClass.h */ = {isa = PBXFileReference; lastKnownFileType = sourcecode.c.h; path = TestClass.h; sourceTree = "<group>"; };
		1F66B5DD243C7FAE009F354C /* TestClass.m */ = {isa = PBXFileReference; lastKnownFileType = sourcecode.c.objc; path = TestClass.m; sourceTree = "<group>"; };
		1FD445032435FEAA008CE0B9 /* CodingTestsObjc.app */ = {isa = PBXFileReference; explicitFileType = wrapper.application; includeInIndex = 0; path = CodingTestsObjc.app; sourceTree = BUILT_PRODUCTS_DIR; };
		1FD445052435FEAA008CE0B9 /* AppDelegate.h */ = {isa = PBXFileReference; lastKnownFileType = sourcecode.c.h; path = AppDelegate.h; sourceTree = "<group>"; };
		1FD445062435FEAA008CE0B9 /* AppDelegate.m */ = {isa = PBXFileReference; lastKnownFileType = sourcecode.c.objc; path = AppDelegate.m; sourceTree = "<group>"; };
		1FD445082435FEAC008CE0B9 /* Assets.xcassets */ = {isa = PBXFileReference; lastKnownFileType = folder.assetcatalog; path = Assets.xcassets; sourceTree = "<group>"; };
		1FD4450B2435FEAC008CE0B9 /* Base */ = {isa = PBXFileReference; lastKnownFileType = file.xib; name = Base; path = Base.lproj/MainMenu.xib; sourceTree = "<group>"; };
		1FD4450D2435FEAC008CE0B9 /* Info.plist */ = {isa = PBXFileReference; lastKnownFileType = text.plist.xml; path = Info.plist; sourceTree = "<group>"; };
		1FD4450E2435FEAC008CE0B9 /* main.m */ = {isa = PBXFileReference; lastKnownFileType = sourcecode.c.objc; path = main.m; sourceTree = "<group>"; };
		1FD445102435FEAC008CE0B9 /* Macoun_2018objc.entitlements */ = {isa = PBXFileReference; lastKnownFileType = text.plist.entitlements; path = Macoun_2018objc.entitlements; sourceTree = "<group>"; };
		1FFA190A214C10A100571663 /* CodingTests.app */ = {isa = PBXFileReference; explicitFileType = wrapper.application; includeInIndex = 0; path = CodingTests.app; sourceTree = BUILT_PRODUCTS_DIR; };
		1FFA190D214C10A100571663 /* AppDelegate.swift */ = {isa = PBXFileReference; lastKnownFileType = sourcecode.swift; path = AppDelegate.swift; sourceTree = "<group>"; };
		1FFA190F214C10A100571663 /* ViewController.swift */ = {isa = PBXFileReference; lastKnownFileType = sourcecode.swift; path = ViewController.swift; sourceTree = "<group>"; };
		1FFA1911214C10A300571663 /* Assets.xcassets */ = {isa = PBXFileReference; lastKnownFileType = folder.assetcatalog; path = Assets.xcassets; sourceTree = "<group>"; };
		1FFA1914214C10A300571663 /* Base */ = {isa = PBXFileReference; lastKnownFileType = file.storyboard; name = Base; path = Base.lproj/Main.storyboard; sourceTree = "<group>"; };
		1FFA1916214C10A300571663 /* Info.plist */ = {isa = PBXFileReference; lastKnownFileType = text.plist.xml; path = Info.plist; sourceTree = "<group>"; };
		1FFA1917214C10A300571663 /* Swacoun_2018.entitlements */ = {isa = PBXFileReference; lastKnownFileType = text.plist.entitlements; path = Swacoun_2018.entitlements; sourceTree = "<group>"; };
		1FFA1925214C133E00571663 /* MPWFoundation.framework */ = {isa = PBXFileReference; explicitFileType = wrapper.framework; path = MPWFoundation.framework; sourceTree = BUILT_PRODUCTS_DIR; };
		1FFA1927214C134600571663 /* ObjectiveXML.framework */ = {isa = PBXFileReference; explicitFileType = wrapper.framework; path = ObjectiveXML.framework; sourceTree = BUILT_PRODUCTS_DIR; };
		1FFA1929214C16A900571663 /* TestClass.swift */ = {isa = PBXFileReference; lastKnownFileType = sourcecode.swift; path = TestClass.swift; sourceTree = "<group>"; };
/* End PBXFileReference section */

/* Begin PBXFrameworksBuildPhase section */
		1FD445002435FEAA008CE0B9 /* Frameworks */ = {
			isa = PBXFrameworksBuildPhase;
			buildActionMask = 2147483647;
			files = (
				1FD445142435FF53008CE0B9 /* MPWFoundation.framework in Frameworks */,
			);
			runOnlyForDeploymentPostprocessing = 0;
		};
		1FFA1907214C10A100571663 /* Frameworks */ = {
			isa = PBXFrameworksBuildPhase;
			buildActionMask = 2147483647;
			files = (
				1FFA1926214C133E00571663 /* MPWFoundation.framework in Frameworks */,
			);
			runOnlyForDeploymentPostprocessing = 0;
		};
/* End PBXFrameworksBuildPhase section */

/* Begin PBXGroup section */
		1F66B5C3243B8CA1009F354C /* MessagePack */ = {
			isa = PBXGroup;
			children = (
				1F66B5C4243B8CA1009F354C /* FixedWidthInteger+Bytes.swift */,
				1F66B5C5243B8CA1009F354C /* Encoder */,
				1F66B5CA243B8CA1009F354C /* Decoder */,
				1F66B5CF243B8CA1009F354C /* Box.swift */,
				1F66B5D0243B8CA1009F354C /* AnyCodingKey.swift */,
			);
			name = MessagePack;
			path = MessagePack/Sources/MessagePack;
			sourceTree = SOURCE_ROOT;
		};
		1F66B5C5243B8CA1009F354C /* Encoder */ = {
			isa = PBXGroup;
			children = (
				1F66B5C6243B8CA1009F354C /* UnkeyedEncodingContainer.swift */,
				1F66B5C7243B8CA1009F354C /* SingleValueEncodingContainer.swift */,
				1F66B5C8243B8CA1009F354C /* KeyedEncodingContainer.swift */,
				1F66B5C9243B8CA1009F354C /* MessagePackEncoder.swift */,
			);
			path = Encoder;
			sourceTree = "<group>";
		};
		1F66B5CA243B8CA1009F354C /* Decoder */ = {
			isa = PBXGroup;
			children = (
				1F66B5CB243B8CA1009F354C /* KeyedDecodingContainer.swift */,
				1F66B5CC243B8CA1009F354C /* SingleValueDecodingContainer.swift */,
				1F66B5CD243B8CA1009F354C /* MessagePackDecoder.swift */,
				1F66B5CE243B8CA1009F354C /* UnkeyedDecodingContainer.swift */,
			);
			path = Decoder;
			sourceTree = "<group>";
		};
		1FD445042435FEAA008CE0B9 /* CodingTestsObjc */ = {
			isa = PBXGroup;
			children = (
				1FD445052435FEAA008CE0B9 /* AppDelegate.h */,
				1F66B5DC243C7FAE009F354C /* TestClass.h */,
				1F66B5DD243C7FAE009F354C /* TestClass.m */,
				1FD445062435FEAA008CE0B9 /* AppDelegate.m */,
				1FD445082435FEAC008CE0B9 /* Assets.xcassets */,
				1FD4450A2435FEAC008CE0B9 /* MainMenu.xib */,
				1FD4450D2435FEAC008CE0B9 /* Info.plist */,
				1FD4450E2435FEAC008CE0B9 /* main.m */,
				1FD445102435FEAC008CE0B9 /* Macoun_2018objc.entitlements */,
			);
			path = CodingTestsObjc;
			sourceTree = "<group>";
		};
		1FFA1901214C10A000571663 = {
			isa = PBXGroup;
			children = (
				1FFA190C214C10A100571663 /* CodingTestsSwift */,
				1FD445042435FEAA008CE0B9 /* CodingTestsObjc */,
				1FFA190B214C10A100571663 /* Products */,
				1FFA1924214C133E00571663 /* Frameworks */,
			);
			sourceTree = "<group>";
		};
		1FFA190B214C10A100571663 /* Products */ = {
			isa = PBXGroup;
			children = (
				1FFA190A214C10A100571663 /* CodingTests.app */,
				1FD445032435FEAA008CE0B9 /* CodingTestsObjc.app */,
			);
			name = Products;
			sourceTree = "<group>";
		};
		1FFA190C214C10A100571663 /* CodingTestsSwift */ = {
			isa = PBXGroup;
			children = (
				1F66B5C3243B8CA1009F354C /* MessagePack */,
				1FFA190D214C10A100571663 /* AppDelegate.swift */,
				1FFA1929214C16A900571663 /* TestClass.swift */,
				1FFA190F214C10A100571663 /* ViewController.swift */,
				1FFA1911214C10A300571663 /* Assets.xcassets */,
				1FFA1913214C10A300571663 /* Main.storyboard */,
				1FFA1916214C10A300571663 /* Info.plist */,
				1FFA1917214C10A300571663 /* Swacoun_2018.entitlements */,
			);
			path = CodingTestsSwift;
			sourceTree = "<group>";
		};
		1FFA1924214C133E00571663 /* Frameworks */ = {
			isa = PBXGroup;
			children = (
				1FFA1927214C134600571663 /* ObjectiveXML.framework */,
				1FFA1925214C133E00571663 /* MPWFoundation.framework */,
			);
			name = Frameworks;
			sourceTree = "<group>";
		};
/* End PBXGroup section */

/* Begin PBXNativeTarget section */
		1FD445022435FEAA008CE0B9 /* CodingTestsObjc */ = {
			isa = PBXNativeTarget;
			buildConfigurationList = 1FD445112435FEAC008CE0B9 /* Build configuration list for PBXNativeTarget "CodingTestsObjc" */;
			buildPhases = (
				1FD444FF2435FEAA008CE0B9 /* Sources */,
				1FD445002435FEAA008CE0B9 /* Frameworks */,
				1FD445012435FEAA008CE0B9 /* Resources */,
				1FD445162435FF53008CE0B9 /* Embed Frameworks */,
			);
			buildRules = (
			);
			dependencies = (
			);
			name = CodingTestsObjc;
			productName = "Macoun-2018objc";
			productReference = 1FD445032435FEAA008CE0B9 /* CodingTestsObjc.app */;
			productType = "com.apple.product-type.application";
		};
		1FFA1909214C10A100571663 /* CodingTests */ = {
			isa = PBXNativeTarget;
			buildConfigurationList = 1FFA191A214C10A300571663 /* Build configuration list for PBXNativeTarget "CodingTests" */;
			buildPhases = (
				1FFA1906214C10A100571663 /* Sources */,
				1FFA1907214C10A100571663 /* Frameworks */,
				1FFA1908214C10A100571663 /* Resources */,
			);
			buildRules = (
			);
			dependencies = (
			);
			name = CodingTests;
			productName = "Swacoun-2018";
			productReference = 1FFA190A214C10A100571663 /* CodingTests.app */;
			productType = "com.apple.product-type.application";
		};
/* End PBXNativeTarget section */

/* Begin PBXProject section */
		1FFA1902214C10A000571663 /* Project object */ = {
			isa = PBXProject;
			attributes = {
				LastSwiftUpdateCheck = 1000;
				LastUpgradeCheck = 1140;
				ORGANIZATIONNAME = metaobject;
				TargetAttributes = {
					1FD445022435FEAA008CE0B9 = {
						CreatedOnToolsVersion = 11.4;
					};
					1FFA1909214C10A100571663 = {
						CreatedOnToolsVersion = 10.0;
						SystemCapabilities = {
							com.apple.Sandbox = {
								enabled = 0;
							};
						};
					};
				};
			};
			buildConfigurationList = 1FFA1905214C10A000571663 /* Build configuration list for PBXProject "CodingTests" */;
			compatibilityVersion = "Xcode 9.3";
			developmentRegion = en;
			hasScannedForEncodings = 0;
			knownRegions = (
				en,
				Base,
			);
			mainGroup = 1FFA1901214C10A000571663;
			productRefGroup = 1FFA190B214C10A100571663 /* Products */;
			projectDirPath = "";
			projectRoot = "";
			targets = (
				1FFA1909214C10A100571663 /* CodingTests */,
				1FD445022435FEAA008CE0B9 /* CodingTestsObjc */,
			);
		};
/* End PBXProject section */

/* Begin PBXResourcesBuildPhase section */
		1FD445012435FEAA008CE0B9 /* Resources */ = {
			isa = PBXResourcesBuildPhase;
			buildActionMask = 2147483647;
			files = (
				1FD445092435FEAC008CE0B9 /* Assets.xcassets in Resources */,
				1FD4450C2435FEAC008CE0B9 /* MainMenu.xib in Resources */,
			);
			runOnlyForDeploymentPostprocessing = 0;
		};
		1FFA1908214C10A100571663 /* Resources */ = {
			isa = PBXResourcesBuildPhase;
			buildActionMask = 2147483647;
			files = (
				1FFA1912214C10A300571663 /* Assets.xcassets in Resources */,
				1FFA1915214C10A300571663 /* Main.storyboard in Resources */,
			);
			runOnlyForDeploymentPostprocessing = 0;
		};
/* End PBXResourcesBuildPhase section */

/* Begin PBXSourcesBuildPhase section */
		1FD444FF2435FEAA008CE0B9 /* Sources */ = {
			isa = PBXSourcesBuildPhase;
			buildActionMask = 2147483647;
			files = (
				1F66B5DE243C7FAE009F354C /* TestClass.m in Sources */,
				1FD4450F2435FEAC008CE0B9 /* main.m in Sources */,
				1FD445072435FEAA008CE0B9 /* AppDelegate.m in Sources */,
			);
			runOnlyForDeploymentPostprocessing = 0;
		};
		1FFA1906214C10A100571663 /* Sources */ = {
			isa = PBXSourcesBuildPhase;
			buildActionMask = 2147483647;
			files = (
				1F66B5D3243B8CA1009F354C /* SingleValueEncodingContainer.swift in Sources */,
				1F66B5D6243B8CA1009F354C /* KeyedDecodingContainer.swift in Sources */,
				1F66B5D1243B8CA1009F354C /* FixedWidthInteger+Bytes.swift in Sources */,
				1F66B5D4243B8CA1009F354C /* KeyedEncodingContainer.swift in Sources */,
				1F66B5D8243B8CA1009F354C /* MessagePackDecoder.swift in Sources */,
				1FFA1910214C10A100571663 /* ViewController.swift in Sources */,
				1F66B5DA243B8CA1009F354C /* Box.swift in Sources */,
				1F66B5D9243B8CA1009F354C /* UnkeyedDecodingContainer.swift in Sources */,
				1FFA192A214C16A900571663 /* TestClass.swift in Sources */,
				1F66B5D2243B8CA1009F354C /* UnkeyedEncodingContainer.swift in Sources */,
				1F66B5DB243B8CA1009F354C /* AnyCodingKey.swift in Sources */,
				1FFA190E214C10A100571663 /* AppDelegate.swift in Sources */,
				1F66B5D7243B8CA1009F354C /* SingleValueDecodingContainer.swift in Sources */,
				1F66B5D5243B8CA1009F354C /* MessagePackEncoder.swift in Sources */,
			);
			runOnlyForDeploymentPostprocessing = 0;
		};
/* End PBXSourcesBuildPhase section */

/* Begin PBXVariantGroup section */
		1FD4450A2435FEAC008CE0B9 /* MainMenu.xib */ = {
			isa = PBXVariantGroup;
			children = (
				1FD4450B2435FEAC008CE0B9 /* Base */,
			);
			name = MainMenu.xib;
			sourceTree = "<group>";
		};
		1FFA1913214C10A300571663 /* Main.storyboard */ = {
			isa = PBXVariantGroup;
			children = (
				1FFA1914214C10A300571663 /* Base */,
			);
			name = Main.storyboard;
			sourceTree = "<group>";
		};
/* End PBXVariantGroup section */

/* Begin XCBuildConfiguration section */
		1FD445122435FEAC008CE0B9 /* Debug */ = {
			isa = XCBuildConfiguration;
			buildSettings = {
				ASSETCATALOG_COMPILER_APPICON_NAME = AppIcon;
				CODE_SIGN_ENTITLEMENTS = "";
				CODE_SIGN_IDENTITY = "";
				CODE_SIGN_INJECT_BASE_ENTITLEMENTS = NO;
				CODE_SIGN_STYLE = Manual;
				COMBINE_HIDPI_IMAGES = YES;
				DEVELOPMENT_TEAM = "";
				ENABLE_HARDENED_RUNTIME = NO;
				INFOPLIST_FILE = CodingTestsObjc/Info.plist;
				LD_RUNPATH_SEARCH_PATHS = (
					"$(inherited)",
					"@executable_path/../Frameworks",
				);
				MACOSX_DEPLOYMENT_TARGET = 10.15;
				PRODUCT_BUNDLE_IDENTIFIER = com.metaobject.CodingTestsObjc;
				PRODUCT_NAME = "$(TARGET_NAME)";
			};
			name = Debug;
		};
		1FD445132435FEAC008CE0B9 /* Release */ = {
			isa = XCBuildConfiguration;
			buildSettings = {
				ASSETCATALOG_COMPILER_APPICON_NAME = AppIcon;
				CODE_SIGN_ENTITLEMENTS = "";
				CODE_SIGN_IDENTITY = "";
				CODE_SIGN_INJECT_BASE_ENTITLEMENTS = NO;
				CODE_SIGN_STYLE = Manual;
				COMBINE_HIDPI_IMAGES = YES;
				DEVELOPMENT_TEAM = "";
				ENABLE_HARDENED_RUNTIME = NO;
				INFOPLIST_FILE = CodingTestsObjc/Info.plist;
				LD_RUNPATH_SEARCH_PATHS = (
					"$(inherited)",
					"@executable_path/../Frameworks",
				);
				MACOSX_DEPLOYMENT_TARGET = 10.15;
				PRODUCT_BUNDLE_IDENTIFIER = com.metaobject.CodingTestsObjc;
				PRODUCT_NAME = "$(TARGET_NAME)";
			};
			name = Release;
		};
		1FFA1918214C10A300571663 /* Debug */ = {
			isa = XCBuildConfiguration;
			buildSettings = {
				ALWAYS_SEARCH_USER_PATHS = NO;
				CLANG_ANALYZER_NONNULL = YES;
				CLANG_ANALYZER_NUMBER_OBJECT_CONVERSION = YES_AGGRESSIVE;
				CLANG_CXX_LANGUAGE_STANDARD = "gnu++14";
				CLANG_CXX_LIBRARY = "libc++";
				CLANG_ENABLE_MODULES = YES;
				CLANG_ENABLE_OBJC_ARC = YES;
				CLANG_ENABLE_OBJC_WEAK = YES;
				CLANG_WARN_BLOCK_CAPTURE_AUTORELEASING = YES;
				CLANG_WARN_BOOL_CONVERSION = YES;
				CLANG_WARN_COMMA = YES;
				CLANG_WARN_CONSTANT_CONVERSION = YES;
				CLANG_WARN_DEPRECATED_OBJC_IMPLEMENTATIONS = YES;
				CLANG_WARN_DIRECT_OBJC_ISA_USAGE = YES_ERROR;
				CLANG_WARN_DOCUMENTATION_COMMENTS = YES;
				CLANG_WARN_EMPTY_BODY = YES;
				CLANG_WARN_ENUM_CONVERSION = YES;
				CLANG_WARN_INFINITE_RECURSION = YES;
				CLANG_WARN_INT_CONVERSION = YES;
				CLANG_WARN_NON_LITERAL_NULL_CONVERSION = YES;
				CLANG_WARN_OBJC_IMPLICIT_RETAIN_SELF = YES;
				CLANG_WARN_OBJC_LITERAL_CONVERSION = YES;
				CLANG_WARN_OBJC_ROOT_CLASS = YES_ERROR;
				CLANG_WARN_RANGE_LOOP_ANALYSIS = YES;
				CLANG_WARN_STRICT_PROTOTYPES = YES;
				CLANG_WARN_SUSPICIOUS_MOVE = YES;
				CLANG_WARN_UNGUARDED_AVAILABILITY = YES_AGGRESSIVE;
				CLANG_WARN_UNREACHABLE_CODE = YES;
				CLANG_WARN__DUPLICATE_METHOD_MATCH = YES;
				CODE_SIGN_IDENTITY = "-";
				COPY_PHASE_STRIP = NO;
				DEBUG_INFORMATION_FORMAT = dwarf;
				ENABLE_STRICT_OBJC_MSGSEND = YES;
				ENABLE_TESTABILITY = YES;
				GCC_C_LANGUAGE_STANDARD = gnu11;
				GCC_DYNAMIC_NO_PIC = NO;
				GCC_NO_COMMON_BLOCKS = YES;
				GCC_OPTIMIZATION_LEVEL = 0;
				GCC_PREPROCESSOR_DEFINITIONS = (
					"DEBUG=1",
					"$(inherited)",
				);
				GCC_WARN_64_TO_32_BIT_CONVERSION = YES;
				GCC_WARN_ABOUT_RETURN_TYPE = YES_ERROR;
				GCC_WARN_UNDECLARED_SELECTOR = YES;
				GCC_WARN_UNINITIALIZED_AUTOS = YES_AGGRESSIVE;
				GCC_WARN_UNUSED_FUNCTION = YES;
				GCC_WARN_UNUSED_VARIABLE = YES;
				MACOSX_DEPLOYMENT_TARGET = 10.14;
				MTL_ENABLE_DEBUG_INFO = INCLUDE_SOURCE;
				MTL_FAST_MATH = YES;
				ONLY_ACTIVE_ARCH = YES;
				SDKROOT = macosx;
				SWIFT_ACTIVE_COMPILATION_CONDITIONS = DEBUG;
				SWIFT_OPTIMIZATION_LEVEL = "-Onone";
			};
			name = Debug;
		};
		1FFA1919214C10A300571663 /* Release */ = {
			isa = XCBuildConfiguration;
			buildSettings = {
				ALWAYS_SEARCH_USER_PATHS = NO;
				CLANG_ANALYZER_NONNULL = YES;
				CLANG_ANALYZER_NUMBER_OBJECT_CONVERSION = YES_AGGRESSIVE;
				CLANG_CXX_LANGUAGE_STANDARD = "gnu++14";
				CLANG_CXX_LIBRARY = "libc++";
				CLANG_ENABLE_MODULES = YES;
				CLANG_ENABLE_OBJC_ARC = YES;
				CLANG_ENABLE_OBJC_WEAK = YES;
				CLANG_WARN_BLOCK_CAPTURE_AUTORELEASING = YES;
				CLANG_WARN_BOOL_CONVERSION = YES;
				CLANG_WARN_COMMA = YES;
				CLANG_WARN_CONSTANT_CONVERSION = YES;
				CLANG_WARN_DEPRECATED_OBJC_IMPLEMENTATIONS = YES;
				CLANG_WARN_DIRECT_OBJC_ISA_USAGE = YES_ERROR;
				CLANG_WARN_DOCUMENTATION_COMMENTS = YES;
				CLANG_WARN_EMPTY_BODY = YES;
				CLANG_WARN_ENUM_CONVERSION = YES;
				CLANG_WARN_INFINITE_RECURSION = YES;
				CLANG_WARN_INT_CONVERSION = YES;
				CLANG_WARN_NON_LITERAL_NULL_CONVERSION = YES;
				CLANG_WARN_OBJC_IMPLICIT_RETAIN_SELF = YES;
				CLANG_WARN_OBJC_LITERAL_CONVERSION = YES;
				CLANG_WARN_OBJC_ROOT_CLASS = YES_ERROR;
				CLANG_WARN_RANGE_LOOP_ANALYSIS = YES;
				CLANG_WARN_STRICT_PROTOTYPES = YES;
				CLANG_WARN_SUSPICIOUS_MOVE = YES;
				CLANG_WARN_UNGUARDED_AVAILABILITY = YES_AGGRESSIVE;
				CLANG_WARN_UNREACHABLE_CODE = YES;
				CLANG_WARN__DUPLICATE_METHOD_MATCH = YES;
				CODE_SIGN_IDENTITY = "-";
				COPY_PHASE_STRIP = NO;
				DEBUG_INFORMATION_FORMAT = "dwarf-with-dsym";
				ENABLE_NS_ASSERTIONS = NO;
				ENABLE_STRICT_OBJC_MSGSEND = YES;
				GCC_C_LANGUAGE_STANDARD = gnu11;
				GCC_NO_COMMON_BLOCKS = YES;
				GCC_WARN_64_TO_32_BIT_CONVERSION = YES;
				GCC_WARN_ABOUT_RETURN_TYPE = YES_ERROR;
				GCC_WARN_UNDECLARED_SELECTOR = YES;
				GCC_WARN_UNINITIALIZED_AUTOS = YES_AGGRESSIVE;
				GCC_WARN_UNUSED_FUNCTION = YES;
				GCC_WARN_UNUSED_VARIABLE = YES;
				MACOSX_DEPLOYMENT_TARGET = 10.14;
				MTL_ENABLE_DEBUG_INFO = NO;
				MTL_FAST_MATH = YES;
				SDKROOT = macosx;
				SWIFT_COMPILATION_MODE = wholemodule;
				SWIFT_OPTIMIZATION_LEVEL = "-O";
			};
			name = Release;
		};
		1FFA191B214C10A300571663 /* Debug */ = {
			isa = XCBuildConfiguration;
			buildSettings = {
				ASSETCATALOG_COMPILER_APPICON_NAME = AppIcon;
				CODE_SIGN_STYLE = Automatic;
				COMBINE_HIDPI_IMAGES = YES;
				INFOPLIST_FILE = CodingTestsSwift/Info.plist;
				LD_RUNPATH_SEARCH_PATHS = (
					"$(inherited)",
					"@executable_path/../Frameworks",
				);
				PRODUCT_BUNDLE_IDENTIFIER = com.metaobject.CodingTests;
				PRODUCT_NAME = "$(TARGET_NAME)";
				SWIFT_VERSION = 4.2;
			};
			name = Debug;
		};
		1FFA191C214C10A300571663 /* Release */ = {
			isa = XCBuildConfiguration;
			buildSettings = {
				ASSETCATALOG_COMPILER_APPICON_NAME = AppIcon;
				CODE_SIGN_STYLE = Automatic;
				COMBINE_HIDPI_IMAGES = YES;
				INFOPLIST_FILE = CodingTestsSwift/Info.plist;
				LD_RUNPATH_SEARCH_PATHS = (
					"$(inherited)",
					"@executable_path/../Frameworks",
				);
				PRODUCT_BUNDLE_IDENTIFIER = com.metaobject.CodingTests;
				PRODUCT_NAME = "$(TARGET_NAME)";
				SWIFT_VERSION = 4.2;
			};
			name = Release;
		};
/* End XCBuildConfiguration section */

/* Begin XCConfigurationList section */
		1FD445112435FEAC008CE0B9 /* Build configuration list for PBXNativeTarget "CodingTestsObjc" */ = {
			isa = XCConfigurationList;
			buildConfigurations = (
				1FD445122435FEAC008CE0B9 /* Debug */,
				1FD445132435FEAC008CE0B9 /* Release */,
			);
			defaultConfigurationIsVisible = 0;
			defaultConfigurationName = Release;
		};
		1FFA1905214C10A000571663 /* Build configuration list for PBXProject "CodingTests" */ = {
			isa = XCConfigurationList;
			buildConfigurations = (
				1FFA1918214C10A300571663 /* Debug */,
				1FFA1919214C10A300571663 /* Release */,
			);
			defaultConfigurationIsVisible = 0;
			defaultConfigurationName = Release;
		};
		1FFA191A214C10A300571663 /* Build configuration list for PBXNativeTarget "CodingTests" */ = {
			isa = XCConfigurationList;
			buildConfigurations = (
				1FFA191B214C10A300571663 /* Debug */,
				1FFA191C214C10A300571663 /* Release */,
			);
			defaultConfigurationIsVisible = 0;
			defaultConfigurationName = Release;
		};
/* End XCConfigurationList section */
	};
	rootObject = 1FFA1902214C10A000571663 /* Project object */;
}
